// !$*UTF8*$!
{
	archiveVersion = 1;
	classes = {
	};
	objectVersion = 46;
	objects = {

/* Begin PBXBuildFile section */
		140C598919B6FEB200170ED3 /* joiLocation.m in Sources */ = {isa = PBXBuildFile; fileRef = 140C598819B6FEB200170ED3 /* joiLocation.m */; };
		140C598C19B6FEF100170ED3 /* joiFrame.m in Sources */ = {isa = PBXBuildFile; fileRef = 140C598B19B6FEF100170ED3 /* joiFrame.m */; };
		140C598F19B70E9E00170ED3 /* joiCollection.m in Sources */ = {isa = PBXBuildFile; fileRef = 140C598E19B70E9E00170ED3 /* joiCollection.m */; };
		140C599419B79E4000170ED3 /* back.png in Resources */ = {isa = PBXBuildFile; fileRef = 140C599219B79E4000170ED3 /* back.png */; };
		140C599519B79E4000170ED3 /* stage.png in Resources */ = {isa = PBXBuildFile; fileRef = 140C599319B79E4000170ED3 /* stage.png */; };
		140C599819B845CD00170ED3 /* joiScene.m in Sources */ = {isa = PBXBuildFile; fileRef = 140C599719B845CD00170ED3 /* joiScene.m */; };
		140C599A19B8465200170ED3 /* SpriteKit.framework in Frameworks */ = {isa = PBXBuildFile; fileRef = 140C599919B8465200170ED3 /* SpriteKit.framework */; };
		140C599C19B853E500170ED3 /* dove.atlas in Resources */ = {isa = PBXBuildFile; fileRef = 140C599B19B853E500170ED3 /* dove.atlas */; };
		140C59F119B87D5500170ED3 /* Main.storyboard in Resources */ = {isa = PBXBuildFile; fileRef = 140C59EF19B87D5500170ED3 /* Main.storyboard */; };
		140E4C1419B45AEF00E2ED4E /* DMLazyScrollView.m in Sources */ = {isa = PBXBuildFile; fileRef = 140E4C1219B45AEF00E2ED4E /* DMLazyScrollView.m */; };
		14AF044719B51729005B9495 /* Twitter.framework in Frameworks */ = {isa = PBXBuildFile; fileRef = 14AF044619B51729005B9495 /* Twitter.framework */; };
		14AF044819B51743005B9495 /* Social.framework in Frameworks */ = {isa = PBXBuildFile; fileRef = 140E4C2119B4FD4C00E2ED4E /* Social.framework */; };
		14AF044A19B51743005B9495 /* Security.framework in Frameworks */ = {isa = PBXBuildFile; fileRef = 14AF044919B51743005B9495 /* Security.framework */; };
		14AF044C19B51749005B9495 /* QuartzCore.framework in Frameworks */ = {isa = PBXBuildFile; fileRef = 14AF044B19B51749005B9495 /* QuartzCore.framework */; };
		14AF044D19B51758005B9495 /* CoreLocation.framework in Frameworks */ = {isa = PBXBuildFile; fileRef = 14AF044419B50AF8005B9495 /* CoreLocation.framework */; };
		14AF044E19B5175A005B9495 /* Accounts.framework in Frameworks */ = {isa = PBXBuildFile; fileRef = 140E4C2319B4FD5F00E2ED4E /* Accounts.framework */; };
		14AF045119B5DC04005B9495 /* set.json in Resources */ = {isa = PBXBuildFile; fileRef = 14AF045019B5DC04005B9495 /* set.json */; };
		14AF045A19B5EC8C005B9495 /* joiBook.m in Sources */ = {isa = PBXBuildFile; fileRef = 14AF045919B5EC8C005B9495 /* joiBook.m */; };
		14AF045D19B5ED3E005B9495 /* joiAnim.m in Sources */ = {isa = PBXBuildFile; fileRef = 14AF045C19B5ED3E005B9495 /* joiAnim.m */; };
		14AF045F19B63DBE005B9495 /* SystemConfiguration.framework in Frameworks */ = {isa = PBXBuildFile; fileRef = 14AF045E19B63DBE005B9495 /* SystemConfiguration.framework */; };
		14B6915919AB62D600C8B6E0 /* Foundation.framework in Frameworks */ = {isa = PBXBuildFile; fileRef = 14B6915819AB62D600C8B6E0 /* Foundation.framework */; };
		14B6915B19AB62D600C8B6E0 /* CoreGraphics.framework in Frameworks */ = {isa = PBXBuildFile; fileRef = 14B6915A19AB62D600C8B6E0 /* CoreGraphics.framework */; };
		14B6915D19AB62D600C8B6E0 /* UIKit.framework in Frameworks */ = {isa = PBXBuildFile; fileRef = 14B6915C19AB62D600C8B6E0 /* UIKit.framework */; };
		14B6916319AB62D600C8B6E0 /* InfoPlist.strings in Resources */ = {isa = PBXBuildFile; fileRef = 14B6916119AB62D600C8B6E0 /* InfoPlist.strings */; };
		14B6916519AB62D600C8B6E0 /* main.m in Sources */ = {isa = PBXBuildFile; fileRef = 14B6916419AB62D600C8B6E0 /* main.m */; };
		14B6916919AB62D600C8B6E0 /* joiAppDelegate.m in Sources */ = {isa = PBXBuildFile; fileRef = 14B6916819AB62D600C8B6E0 /* joiAppDelegate.m */; };
		14B6916F19AB62D600C8B6E0 /* joiViewController.m in Sources */ = {isa = PBXBuildFile; fileRef = 14B6916E19AB62D600C8B6E0 /* joiViewController.m */; };
		14B6917119AB62D600C8B6E0 /* Images.xcassets in Resources */ = {isa = PBXBuildFile; fileRef = 14B6917019AB62D600C8B6E0 /* Images.xcassets */; };
		14B6919519AFDB1000C8B6E0 /* StoreKit.framework in Frameworks */ = {isa = PBXBuildFile; fileRef = 14B6919419AFDB1000C8B6E0 /* StoreKit.framework */; };
		89F18F1A09384156BA55B6CB /* libPods.a in Frameworks */ = {isa = PBXBuildFile; fileRef = C4417D9FC206496199DCCA17 /* libPods.a */; };
/* End PBXBuildFile section */

/* Begin PBXFileReference section */
		140C598719B6FEB200170ED3 /* joiLocation.h */ = {isa = PBXFileReference; fileEncoding = 4; lastKnownFileType = sourcecode.c.h; path = joiLocation.h; sourceTree = "<group>"; };
		140C598819B6FEB200170ED3 /* joiLocation.m */ = {isa = PBXFileReference; fileEncoding = 4; lastKnownFileType = sourcecode.c.objc; path = joiLocation.m; sourceTree = "<group>"; };
		140C598A19B6FEF100170ED3 /* joiFrame.h */ = {isa = PBXFileReference; fileEncoding = 4; lastKnownFileType = sourcecode.c.h; path = joiFrame.h; sourceTree = "<group>"; };
		140C598B19B6FEF100170ED3 /* joiFrame.m */ = {isa = PBXFileReference; fileEncoding = 4; lastKnownFileType = sourcecode.c.objc; path = joiFrame.m; sourceTree = "<group>"; };
		140C598D19B70E9E00170ED3 /* joiCollection.h */ = {isa = PBXFileReference; fileEncoding = 4; lastKnownFileType = sourcecode.c.h; path = joiCollection.h; sourceTree = "<group>"; };
		140C598E19B70E9E00170ED3 /* joiCollection.m */ = {isa = PBXFileReference; fileEncoding = 4; lastKnownFileType = sourcecode.c.objc; path = joiCollection.m; sourceTree = "<group>"; };
		140C599219B79E4000170ED3 /* back.png */ = {isa = PBXFileReference; lastKnownFileType = image.png; path = back.png; sourceTree = "<group>"; };
		140C599319B79E4000170ED3 /* stage.png */ = {isa = PBXFileReference; lastKnownFileType = image.png; path = stage.png; sourceTree = "<group>"; };
		140C599619B845CD00170ED3 /* joiScene.h */ = {isa = PBXFileReference; fileEncoding = 4; lastKnownFileType = sourcecode.c.h; path = joiScene.h; sourceTree = "<group>"; };
		140C599719B845CD00170ED3 /* joiScene.m */ = {isa = PBXFileReference; fileEncoding = 4; lastKnownFileType = sourcecode.c.objc; path = joiScene.m; sourceTree = "<group>"; };
		140C599919B8465200170ED3 /* SpriteKit.framework */ = {isa = PBXFileReference; lastKnownFileType = wrapper.framework; name = SpriteKit.framework; path = System/Library/Frameworks/SpriteKit.framework; sourceTree = SDKROOT; };
		140C599B19B853E500170ED3 /* dove.atlas */ = {isa = PBXFileReference; lastKnownFileType = folder.skatlas; path = dove.atlas; sourceTree = "<group>"; };
		140C59F019B87D5500170ED3 /* Base */ = {isa = PBXFileReference; lastKnownFileType = file.storyboard; name = Base; path = Base.lproj/Main.storyboard; sourceTree = "<group>"; };
		140E4C1219B45AEF00E2ED4E /* DMLazyScrollView.m */ = {isa = PBXFileReference; fileEncoding = 4; lastKnownFileType = sourcecode.c.objc; path = DMLazyScrollView.m; sourceTree = "<group>"; };
		140E4C1319B45AEF00E2ED4E /* DMLazyScrollView.h */ = {isa = PBXFileReference; fileEncoding = 4; lastKnownFileType = sourcecode.c.h; path = DMLazyScrollView.h; sourceTree = "<group>"; };
		140E4C1B19B4F9C300E2ED4E /* libPods-Facebook-iOS-SDK.a */ = {isa = PBXFileReference; lastKnownFileType = archive.ar; name = "libPods-Facebook-iOS-SDK.a"; path = "Pods/build/Debug-iphoneos/libPods-Facebook-iOS-SDK.a"; sourceTree = "<group>"; };
		140E4C1D19B4F9C600E2ED4E /* libPods-Bolts.a */ = {isa = PBXFileReference; lastKnownFileType = archive.ar; name = "libPods-Bolts.a"; path = "Pods/build/Debug-iphoneos/libPods-Bolts.a"; sourceTree = "<group>"; };
		140E4C1F19B4FD3700E2ED4E /* libsqlite3.0.dylib */ = {isa = PBXFileReference; lastKnownFileType = "compiled.mach-o.dylib"; name = libsqlite3.0.dylib; path = usr/lib/libsqlite3.0.dylib; sourceTree = SDKROOT; };
		140E4C2119B4FD4C00E2ED4E /* Social.framework */ = {isa = PBXFileReference; lastKnownFileType = wrapper.framework; name = Social.framework; path = System/Library/Frameworks/Social.framework; sourceTree = SDKROOT; };
		140E4C2319B4FD5F00E2ED4E /* Accounts.framework */ = {isa = PBXFileReference; lastKnownFileType = wrapper.framework; name = Accounts.framework; path = System/Library/Frameworks/Accounts.framework; sourceTree = SDKROOT; };
		140E4C2819B5038700E2ED4E /* FacebookSDK.framework */ = {isa = PBXFileReference; lastKnownFileType = wrapper.framework; name = FacebookSDK.framework; path = ../../../../SDK/FacebookSDK/FacebookSDK.framework; sourceTree = "<group>"; };
		14AF044419B50AF8005B9495 /* CoreLocation.framework */ = {isa = PBXFileReference; lastKnownFileType = wrapper.framework; name = CoreLocation.framework; path = System/Library/Frameworks/CoreLocation.framework; sourceTree = SDKROOT; };
		14AF044619B51729005B9495 /* Twitter.framework */ = {isa = PBXFileReference; lastKnownFileType = wrapper.framework; name = Twitter.framework; path = System/Library/Frameworks/Twitter.framework; sourceTree = SDKROOT; };
		14AF044919B51743005B9495 /* Security.framework */ = {isa = PBXFileReference; lastKnownFileType = wrapper.framework; name = Security.framework; path = System/Library/Frameworks/Security.framework; sourceTree = SDKROOT; };
		14AF044B19B51749005B9495 /* QuartzCore.framework */ = {isa = PBXFileReference; lastKnownFileType = wrapper.framework; name = QuartzCore.framework; path = System/Library/Frameworks/QuartzCore.framework; sourceTree = SDKROOT; };
		14AF045019B5DC04005B9495 /* set.json */ = {isa = PBXFileReference; fileEncoding = 4; lastKnownFileType = text.json; path = set.json; sourceTree = "<group>"; };
		14AF045819B5EC8C005B9495 /* joiBook.h */ = {isa = PBXFileReference; fileEncoding = 4; lastKnownFileType = sourcecode.c.h; path = joiBook.h; sourceTree = "<group>"; };
		14AF045919B5EC8C005B9495 /* joiBook.m */ = {isa = PBXFileReference; fileEncoding = 4; lastKnownFileType = sourcecode.c.objc; path = joiBook.m; sourceTree = "<group>"; };
		14AF045B19B5ED3E005B9495 /* joiAnim.h */ = {isa = PBXFileReference; fileEncoding = 4; lastKnownFileType = sourcecode.c.h; path = joiAnim.h; sourceTree = "<group>"; };
		14AF045C19B5ED3E005B9495 /* joiAnim.m */ = {isa = PBXFileReference; fileEncoding = 4; lastKnownFileType = sourcecode.c.objc; path = joiAnim.m; sourceTree = "<group>"; };
		14AF045E19B63DBE005B9495 /* SystemConfiguration.framework */ = {isa = PBXFileReference; lastKnownFileType = wrapper.framework; name = SystemConfiguration.framework; path = System/Library/Frameworks/SystemConfiguration.framework; sourceTree = SDKROOT; };
		14B6915519AB62D600C8B6E0 /* joi.app */ = {isa = PBXFileReference; explicitFileType = wrapper.application; includeInIndex = 0; path = joi.app; sourceTree = BUILT_PRODUCTS_DIR; };
		14B6915819AB62D600C8B6E0 /* Foundation.framework */ = {isa = PBXFileReference; lastKnownFileType = wrapper.framework; name = Foundation.framework; path = System/Library/Frameworks/Foundation.framework; sourceTree = SDKROOT; };
		14B6915A19AB62D600C8B6E0 /* CoreGraphics.framework */ = {isa = PBXFileReference; lastKnownFileType = wrapper.framework; name = CoreGraphics.framework; path = System/Library/Frameworks/CoreGraphics.framework; sourceTree = SDKROOT; };
		14B6915C19AB62D600C8B6E0 /* UIKit.framework */ = {isa = PBXFileReference; lastKnownFileType = wrapper.framework; name = UIKit.framework; path = System/Library/Frameworks/UIKit.framework; sourceTree = SDKROOT; };
		14B6916019AB62D600C8B6E0 /* joi-Info.plist */ = {isa = PBXFileReference; lastKnownFileType = text.plist.xml; path = "joi-Info.plist"; sourceTree = "<group>"; };
		14B6916219AB62D600C8B6E0 /* en */ = {isa = PBXFileReference; lastKnownFileType = text.plist.strings; name = en; path = en.lproj/InfoPlist.strings; sourceTree = "<group>"; };
		14B6916419AB62D600C8B6E0 /* main.m */ = {isa = PBXFileReference; lastKnownFileType = sourcecode.c.objc; path = main.m; sourceTree = "<group>"; };
		14B6916619AB62D600C8B6E0 /* joi-Prefix.pch */ = {isa = PBXFileReference; lastKnownFileType = sourcecode.c.h; path = "joi-Prefix.pch"; sourceTree = "<group>"; };
		14B6916719AB62D600C8B6E0 /* joiAppDelegate.h */ = {isa = PBXFileReference; lastKnownFileType = sourcecode.c.h; path = joiAppDelegate.h; sourceTree = "<group>"; };
		14B6916819AB62D600C8B6E0 /* joiAppDelegate.m */ = {isa = PBXFileReference; lastKnownFileType = sourcecode.c.objc; path = joiAppDelegate.m; sourceTree = "<group>"; };
		14B6916D19AB62D600C8B6E0 /* joiViewController.h */ = {isa = PBXFileReference; lastKnownFileType = sourcecode.c.h; path = joiViewController.h; sourceTree = "<group>"; };
		14B6916E19AB62D600C8B6E0 /* joiViewController.m */ = {isa = PBXFileReference; lastKnownFileType = sourcecode.c.objc; path = joiViewController.m; sourceTree = "<group>"; };
		14B6917019AB62D600C8B6E0 /* Images.xcassets */ = {isa = PBXFileReference; lastKnownFileType = folder.assetcatalog; path = Images.xcassets; sourceTree = "<group>"; };
		14B6917719AB62D600C8B6E0 /* XCTest.framework */ = {isa = PBXFileReference; lastKnownFileType = wrapper.framework; name = XCTest.framework; path = Library/Frameworks/XCTest.framework; sourceTree = DEVELOPER_DIR; };
		14B6917F19AB62D600C8B6E0 /* joiTests-Info.plist */ = {isa = PBXFileReference; lastKnownFileType = text.plist.xml; path = "joiTests-Info.plist"; sourceTree = "<group>"; };
		14B6918119AB62D600C8B6E0 /* en */ = {isa = PBXFileReference; lastKnownFileType = text.plist.strings; name = en; path = en.lproj/InfoPlist.strings; sourceTree = "<group>"; };
		14B6918319AB62D600C8B6E0 /* joiTests.m */ = {isa = PBXFileReference; lastKnownFileType = sourcecode.c.objc; path = joiTests.m; sourceTree = "<group>"; };
		14B6919419AFDB1000C8B6E0 /* StoreKit.framework */ = {isa = PBXFileReference; lastKnownFileType = wrapper.framework; name = StoreKit.framework; path = System/Library/Frameworks/StoreKit.framework; sourceTree = SDKROOT; };
		A53D6200C3804005A1DE4107 /* Pods.xcconfig */ = {isa = PBXFileReference; includeInIndex = 1; lastKnownFileType = text.xcconfig; name = Pods.xcconfig; path = Pods/Pods.xcconfig; sourceTree = "<group>"; };
		C4417D9FC206496199DCCA17 /* libPods.a */ = {isa = PBXFileReference; explicitFileType = archive.ar; includeInIndex = 0; path = libPods.a; sourceTree = BUILT_PRODUCTS_DIR; };
/* End PBXFileReference section */

/* Begin PBXFrameworksBuildPhase section */
		14B6915219AB62D600C8B6E0 /* Frameworks */ = {
			isa = PBXFrameworksBuildPhase;
			buildActionMask = 2147483647;
			files = (
				140C599A19B8465200170ED3 /* SpriteKit.framework in Frameworks */,
				14AF045F19B63DBE005B9495 /* SystemConfiguration.framework in Frameworks */,
				14AF044E19B5175A005B9495 /* Accounts.framework in Frameworks */,
				14AF044719B51729005B9495 /* Twitter.framework in Frameworks */,
				14AF044A19B51743005B9495 /* Security.framework in Frameworks */,
				14AF044819B51743005B9495 /* Social.framework in Frameworks */,
				14B6915919AB62D600C8B6E0 /* Foundation.framework in Frameworks */,
				14B6915D19AB62D600C8B6E0 /* UIKit.framework in Frameworks */,
				14B6919519AFDB1000C8B6E0 /* StoreKit.framework in Frameworks */,
				14AF044C19B51749005B9495 /* QuartzCore.framework in Frameworks */,
				14AF044D19B51758005B9495 /* CoreLocation.framework in Frameworks */,
				14B6915B19AB62D600C8B6E0 /* CoreGraphics.framework in Frameworks */,
				89F18F1A09384156BA55B6CB /* libPods.a in Frameworks */,
			);
			runOnlyForDeploymentPostprocessing = 0;
		};
/* End PBXFrameworksBuildPhase section */

/* Begin PBXGroup section */
		14AF044F19B5DBCF005B9495 /* model */ = {
			isa = PBXGroup;
			children = (
				140C598D19B70E9E00170ED3 /* joiCollection.h */,
				140C598E19B70E9E00170ED3 /* joiCollection.m */,
				14AF045819B5EC8C005B9495 /* joiBook.h */,
				14AF045919B5EC8C005B9495 /* joiBook.m */,
				14AF045B19B5ED3E005B9495 /* joiAnim.h */,
				14AF045C19B5ED3E005B9495 /* joiAnim.m */,
				14AF045019B5DC04005B9495 /* set.json */,
				140C598719B6FEB200170ED3 /* joiLocation.h */,
				140C598819B6FEB200170ED3 /* joiLocation.m */,
				140C598A19B6FEF100170ED3 /* joiFrame.h */,
				140C598B19B6FEF100170ED3 /* joiFrame.m */,
			);
			name = model;
			sourceTree = "<group>";
		};
		14B6914C19AB62D600C8B6E0 = {
			isa = PBXGroup;
			children = (
				14B6915E19AB62D600C8B6E0 /* joi */,
				14B6917D19AB62D600C8B6E0 /* joiTests */,
				14B6915719AB62D600C8B6E0 /* Frameworks */,
				14B6915619AB62D600C8B6E0 /* Products */,
				A53D6200C3804005A1DE4107 /* Pods.xcconfig */,
			);
			sourceTree = "<group>";
		};
		14B6915619AB62D600C8B6E0 /* Products */ = {
			isa = PBXGroup;
			children = (
				14B6915519AB62D600C8B6E0 /* joi.app */,
			);
			name = Products;
			sourceTree = "<group>";
		};
		14B6915719AB62D600C8B6E0 /* Frameworks */ = {
			isa = PBXGroup;
			children = (
				140C599919B8465200170ED3 /* SpriteKit.framework */,
				14AF045E19B63DBE005B9495 /* SystemConfiguration.framework */,
				14AF044B19B51749005B9495 /* QuartzCore.framework */,
				14AF044919B51743005B9495 /* Security.framework */,
				14AF044619B51729005B9495 /* Twitter.framework */,
				14AF044419B50AF8005B9495 /* CoreLocation.framework */,
				140E4C2819B5038700E2ED4E /* FacebookSDK.framework */,
				140E4C2319B4FD5F00E2ED4E /* Accounts.framework */,
				140E4C2119B4FD4C00E2ED4E /* Social.framework */,
				140E4C1F19B4FD3700E2ED4E /* libsqlite3.0.dylib */,
				140E4C1D19B4F9C600E2ED4E /* libPods-Bolts.a */,
				140E4C1B19B4F9C300E2ED4E /* libPods-Facebook-iOS-SDK.a */,
				14B6919419AFDB1000C8B6E0 /* StoreKit.framework */,
				14B6915819AB62D600C8B6E0 /* Foundation.framework */,
				14B6915A19AB62D600C8B6E0 /* CoreGraphics.framework */,
				14B6915C19AB62D600C8B6E0 /* UIKit.framework */,
				14B6917719AB62D600C8B6E0 /* XCTest.framework */,
				C4417D9FC206496199DCCA17 /* libPods.a */,
			);
			name = Frameworks;
			sourceTree = "<group>";
		};
		14B6915E19AB62D600C8B6E0 /* joi */ = {
			isa = PBXGroup;
			children = (
				14AF044F19B5DBCF005B9495 /* model */,
				14B6916719AB62D600C8B6E0 /* joiAppDelegate.h */,
				14B6916819AB62D600C8B6E0 /* joiAppDelegate.m */,
				14B6916D19AB62D600C8B6E0 /* joiViewController.h */,
				14B6916E19AB62D600C8B6E0 /* joiViewController.m */,
				140C599619B845CD00170ED3 /* joiScene.h */,
				140C599719B845CD00170ED3 /* joiScene.m */,
				140E4C1219B45AEF00E2ED4E /* DMLazyScrollView.m */,
				140E4C1319B45AEF00E2ED4E /* DMLazyScrollView.h */,
				14B6917019AB62D600C8B6E0 /* Images.xcassets */,
				14B6915F19AB62D600C8B6E0 /* Supporting Files */,
			);
			path = joi;
			sourceTree = "<group>";
		};
		14B6915F19AB62D600C8B6E0 /* Supporting Files */ = {
			isa = PBXGroup;
			children = (
				140C59EF19B87D5500170ED3 /* Main.storyboard */,
				140C599B19B853E500170ED3 /* dove.atlas */,
				140C599219B79E4000170ED3 /* back.png */,
				140C599319B79E4000170ED3 /* stage.png */,
				14B6916019AB62D600C8B6E0 /* joi-Info.plist */,
				14B6916119AB62D600C8B6E0 /* InfoPlist.strings */,
				14B6916419AB62D600C8B6E0 /* main.m */,
				14B6916619AB62D600C8B6E0 /* joi-Prefix.pch */,
			);
			name = "Supporting Files";
			sourceTree = "<group>";
		};
		14B6917D19AB62D600C8B6E0 /* joiTests */ = {
			isa = PBXGroup;
			children = (
				14B6918319AB62D600C8B6E0 /* joiTests.m */,
				14B6917E19AB62D600C8B6E0 /* Supporting Files */,
			);
			path = joiTests;
			sourceTree = "<group>";
		};
		14B6917E19AB62D600C8B6E0 /* Supporting Files */ = {
			isa = PBXGroup;
			children = (
				14B6917F19AB62D600C8B6E0 /* joiTests-Info.plist */,
				14B6918019AB62D600C8B6E0 /* InfoPlist.strings */,
			);
			name = "Supporting Files";
			sourceTree = "<group>";
		};
/* End PBXGroup section */

/* Begin PBXNativeTarget section */
		14B6915419AB62D600C8B6E0 /* joi */ = {
			isa = PBXNativeTarget;
			buildConfigurationList = 14B6918719AB62D600C8B6E0 /* Build configuration list for PBXNativeTarget "joi" */;
			buildPhases = (
				28E17BFD90CC4571A3513061 /* Check Pods Manifest.lock */,
				14B6915119AB62D600C8B6E0 /* Sources */,
				14B6915219AB62D600C8B6E0 /* Frameworks */,
				14B6915319AB62D600C8B6E0 /* Resources */,
				4E0310C5354C472B97E608B5 /* Copy Pods Resources */,
			);
			buildRules = (
			);
			dependencies = (
			);
			name = joi;
			productName = joi;
			productReference = 14B6915519AB62D600C8B6E0 /* joi.app */;
			productType = "com.apple.product-type.application";
		};
/* End PBXNativeTarget section */

/* Begin PBXProject section */
		14B6914D19AB62D600C8B6E0 /* Project object */ = {
			isa = PBXProject;
			attributes = {
				CLASSPREFIX = joi;
				LastUpgradeCheck = 0510;
				ORGANIZATIONNAME = "Cem Gencer";
				TargetAttributes = {
					14B6915419AB62D600C8B6E0 = {
						SystemCapabilities = {
							com.apple.InAppPurchase = {
								enabled = 0;
							};
						};
					};
				};
			};
			buildConfigurationList = 14B6915019AB62D600C8B6E0 /* Build configuration list for PBXProject "joi" */;
			compatibilityVersion = "Xcode 3.2";
			developmentRegion = English;
			hasScannedForEncodings = 0;
			knownRegions = (
				en,
				Base,
			);
			mainGroup = 14B6914C19AB62D600C8B6E0;
			productRefGroup = 14B6915619AB62D600C8B6E0 /* Products */;
			projectDirPath = "";
			projectRoot = "";
			targets = (
				14B6915419AB62D600C8B6E0 /* joi */,
			);
		};
/* End PBXProject section */

/* Begin PBXResourcesBuildPhase section */
		14B6915319AB62D600C8B6E0 /* Resources */ = {
			isa = PBXResourcesBuildPhase;
			buildActionMask = 2147483647;
			files = (
				140C59F119B87D5500170ED3 /* Main.storyboard in Resources */,
				14B6917119AB62D600C8B6E0 /* Images.xcassets in Resources */,
				140C599C19B853E500170ED3 /* dove.atlas in Resources */,
				14B6916319AB62D600C8B6E0 /* InfoPlist.strings in Resources */,
				140C599419B79E4000170ED3 /* back.png in Resources */,
				14AF045119B5DC04005B9495 /* set.json in Resources */,
				140C599519B79E4000170ED3 /* stage.png in Resources */,
			);
			runOnlyForDeploymentPostprocessing = 0;
		};
/* End PBXResourcesBuildPhase section */

/* Begin PBXShellScriptBuildPhase section */
		28E17BFD90CC4571A3513061 /* Check Pods Manifest.lock */ = {
			isa = PBXShellScriptBuildPhase;
			buildActionMask = 2147483647;
			files = (
			);
			inputPaths = (
			);
			name = "Check Pods Manifest.lock";
			outputPaths = (
			);
			runOnlyForDeploymentPostprocessing = 0;
			shellPath = /bin/sh;
			shellScript = "diff \"${PODS_ROOT}/../Podfile.lock\" \"${PODS_ROOT}/Manifest.lock\" > /dev/null\nif [[ $? != 0 ]] ; then\n    cat << EOM\nerror: The sandbox is not in sync with the Podfile.lock. Run 'pod install' or update your CocoaPods installation.\nEOM\n    exit 1\nfi\n";
			showEnvVarsInLog = 0;
		};
		4E0310C5354C472B97E608B5 /* Copy Pods Resources */ = {
			isa = PBXShellScriptBuildPhase;
			buildActionMask = 2147483647;
			files = (
			);
			inputPaths = (
			);
			name = "Copy Pods Resources";
			outputPaths = (
			);
			runOnlyForDeploymentPostprocessing = 0;
			shellPath = /bin/sh;
			shellScript = "\"${SRCROOT}/Pods/Pods-resources.sh\"\n";
			showEnvVarsInLog = 0;
		};
/* End PBXShellScriptBuildPhase section */

/* Begin PBXSourcesBuildPhase section */
		14B6915119AB62D600C8B6E0 /* Sources */ = {
			isa = PBXSourcesBuildPhase;
			buildActionMask = 2147483647;
			files = (
				14B6916F19AB62D600C8B6E0 /* joiViewController.m in Sources */,
				14AF045D19B5ED3E005B9495 /* joiAnim.m in Sources */,
				140C598C19B6FEF100170ED3 /* joiFrame.m in Sources */,
				140C599819B845CD00170ED3 /* joiScene.m in Sources */,
				140C598919B6FEB200170ED3 /* joiLocation.m in Sources */,
				14AF045A19B5EC8C005B9495 /* joiBook.m in Sources */,
				140E4C1419B45AEF00E2ED4E /* DMLazyScrollView.m in Sources */,
				14B6916519AB62D600C8B6E0 /* main.m in Sources */,
				14B6916919AB62D600C8B6E0 /* joiAppDelegate.m in Sources */,
				140C598F19B70E9E00170ED3 /* joiCollection.m in Sources */,
			);
			runOnlyForDeploymentPostprocessing = 0;
		};
/* End PBXSourcesBuildPhase section */

/* Begin PBXVariantGroup section */
		140C59EF19B87D5500170ED3 /* Main.storyboard */ = {
			isa = PBXVariantGroup;
			children = (
				140C59F019B87D5500170ED3 /* Base */,
			);
			name = Main.storyboard;
			sourceTree = "<group>";
		};
		14B6916119AB62D600C8B6E0 /* InfoPlist.strings */ = {
			isa = PBXVariantGroup;
			children = (
				14B6916219AB62D600C8B6E0 /* en */,
			);
			name = InfoPlist.strings;
			sourceTree = "<group>";
		};
		14B6918019AB62D600C8B6E0 /* InfoPlist.strings */ = {
			isa = PBXVariantGroup;
			children = (
				14B6918119AB62D600C8B6E0 /* en */,
			);
			name = InfoPlist.strings;
			sourceTree = "<group>";
		};
/* End PBXVariantGroup section */

/* Begin XCBuildConfiguration section */
		14B6918519AB62D600C8B6E0 /* Debug */ = {
			isa = XCBuildConfiguration;
			buildSettings = {
				ALWAYS_SEARCH_USER_PATHS = NO;
				CLANG_CXX_LANGUAGE_STANDARD = "gnu++0x";
				CLANG_CXX_LIBRARY = "libc++";
				CLANG_ENABLE_MODULES = YES;
				CLANG_ENABLE_OBJC_ARC = YES;
				CLANG_WARN_BOOL_CONVERSION = YES;
				CLANG_WARN_CONSTANT_CONVERSION = YES;
				CLANG_WARN_DIRECT_OBJC_ISA_USAGE = YES_ERROR;
				CLANG_WARN_EMPTY_BODY = YES;
				CLANG_WARN_ENUM_CONVERSION = YES;
				CLANG_WARN_INT_CONVERSION = YES;
				CLANG_WARN_OBJC_ROOT_CLASS = YES_ERROR;
				CLANG_WARN__DUPLICATE_METHOD_MATCH = YES;
				"CODE_SIGN_IDENTITY[sdk=iphoneos*]" = "iPhone Developer";
				COPY_PHASE_STRIP = NO;
				GCC_C_LANGUAGE_STANDARD = gnu99;
				GCC_DYNAMIC_NO_PIC = NO;
				GCC_OPTIMIZATION_LEVEL = 0;
				GCC_PREPROCESSOR_DEFINITIONS = (
					"DEBUG=1",
					"$(inherited)",
				);
				GCC_SYMBOLS_PRIVATE_EXTERN = NO;
				GCC_WARN_64_TO_32_BIT_CONVERSION = YES;
				GCC_WARN_ABOUT_RETURN_TYPE = YES_ERROR;
				GCC_WARN_UNDECLARED_SELECTOR = YES;
				GCC_WARN_UNINITIALIZED_AUTOS = YES_AGGRESSIVE;
				GCC_WARN_UNUSED_FUNCTION = YES;
				GCC_WARN_UNUSED_VARIABLE = YES;
				IPHONEOS_DEPLOYMENT_TARGET = 6.1;
				ONLY_ACTIVE_ARCH = YES;
				SDKROOT = iphoneos;
				SPRITEKIT_TEXTURE_ATLAS_OUTPUT = YES;
				TARGETED_DEVICE_FAMILY = 2;
			};
			name = Debug;
		};
		14B6918619AB62D600C8B6E0 /* Release */ = {
			isa = XCBuildConfiguration;
			buildSettings = {
				ALWAYS_SEARCH_USER_PATHS = NO;
				CLANG_CXX_LANGUAGE_STANDARD = "gnu++0x";
				CLANG_CXX_LIBRARY = "libc++";
				CLANG_ENABLE_MODULES = YES;
				CLANG_ENABLE_OBJC_ARC = YES;
				CLANG_WARN_BOOL_CONVERSION = YES;
				CLANG_WARN_CONSTANT_CONVERSION = YES;
				CLANG_WARN_DIRECT_OBJC_ISA_USAGE = YES_ERROR;
				CLANG_WARN_EMPTY_BODY = YES;
				CLANG_WARN_ENUM_CONVERSION = YES;
				CLANG_WARN_INT_CONVERSION = YES;
				CLANG_WARN_OBJC_ROOT_CLASS = YES_ERROR;
				CLANG_WARN__DUPLICATE_METHOD_MATCH = YES;
				"CODE_SIGN_IDENTITY[sdk=iphoneos*]" = "iPhone Developer";
				COPY_PHASE_STRIP = YES;
				ENABLE_NS_ASSERTIONS = NO;
				GCC_C_LANGUAGE_STANDARD = gnu99;
				GCC_WARN_64_TO_32_BIT_CONVERSION = YES;
				GCC_WARN_ABOUT_RETURN_TYPE = YES_ERROR;
				GCC_WARN_UNDECLARED_SELECTOR = YES;
				GCC_WARN_UNINITIALIZED_AUTOS = YES_AGGRESSIVE;
				GCC_WARN_UNUSED_FUNCTION = YES;
				GCC_WARN_UNUSED_VARIABLE = YES;
				IPHONEOS_DEPLOYMENT_TARGET = 6.1;
				ONLY_ACTIVE_ARCH = YES;
				SDKROOT = iphoneos;
				SPRITEKIT_TEXTURE_ATLAS_OUTPUT = YES;
				TARGETED_DEVICE_FAMILY = 2;
				VALIDATE_PRODUCT = YES;
			};
			name = Release;
		};
		14B6918819AB62D600C8B6E0 /* Debug */ = {
			isa = XCBuildConfiguration;
			baseConfigurationReference = A53D6200C3804005A1DE4107 /* Pods.xcconfig */;
			buildSettings = {
				ASSETCATALOG_COMPILER_APPICON_NAME = AppIcon;
				ASSETCATALOG_COMPILER_LAUNCHIMAGE_NAME = LaunchImage;
				CODE_SIGN_IDENTITY = "iPhone Developer";
				"CODE_SIGN_IDENTITY[sdk=iphoneos*]" = "iPhone Developer";
				FRAMEWORK_SEARCH_PATHS = "$(inherited)";
				GCC_PRECOMPILE_PREFIX_HEADER = YES;
				GCC_PREFIX_HEADER = "joi/joi-Prefix.pch";
				INFOPLIST_FILE = "joi/joi-Info.plist";
				IPHONEOS_DEPLOYMENT_TARGET = 7.1;
				LIBRARY_SEARCH_PATHS = "$(inherited)";
				ONLY_ACTIVE_ARCH = YES;
				PRODUCT_NAME = "$(TARGET_NAME)";
				PROVISIONING_PROFILE = "";
				SPRITEKIT_TEXTURE_ATLAS_OUTPUT = YES;
				WRAPPER_EXTENSION = app;
			};
			name = Debug;
		};
		14B6918919AB62D600C8B6E0 /* Release */ = {
			isa = XCBuildConfiguration;
			baseConfigurationReference = A53D6200C3804005A1DE4107 /* Pods.xcconfig */;
			buildSettings = {
				ASSETCATALOG_COMPILER_APPICON_NAME = AppIcon;
				ASSETCATALOG_COMPILER_LAUNCHIMAGE_NAME = LaunchImage;
				CODE_SIGN_IDENTITY = "iPhone Developer";
				"CODE_SIGN_IDENTITY[sdk=iphoneos*]" = "iPhone Developer";
				FRAMEWORK_SEARCH_PATHS = "$(inherited)";
				GCC_PRECOMPILE_PREFIX_HEADER = YES;
				GCC_PREFIX_HEADER = "joi/joi-Prefix.pch";
				INFOPLIST_FILE = "joi/joi-Info.plist";
				IPHONEOS_DEPLOYMENT_TARGET = 7.1;
				LIBRARY_SEARCH_PATHS = "$(inherited)";
				ONLY_ACTIVE_ARCH = YES;
				PRODUCT_NAME = "$(TARGET_NAME)";
				PROVISIONING_PROFILE = "";
				SPRITEKIT_TEXTURE_ATLAS_OUTPUT = YES;
				WRAPPER_EXTENSION = app;
			};
			name = Release;
		};
/* End XCBuildConfiguration section */

/* Begin XCConfigurationList section */
		14B6915019AB62D600C8B6E0 /* Build configuration list for PBXProject "joi" */ = {
			isa = XCConfigurationList;
			buildConfigurations = (
				14B6918519AB62D600C8B6E0 /* Debug */,
				14B6918619AB62D600C8B6E0 /* Release */,
			);
			defaultConfigurationIsVisible = 0;
			defaultConfigurationName = Release;
		};
		14B6918719AB62D600C8B6E0 /* Build configuration list for PBXNativeTarget "joi" */ = {
			isa = XCConfigurationList;
			buildConfigurations = (
				14B6918819AB62D600C8B6E0 /* Debug */,
				14B6918919AB62D600C8B6E0 /* Release */,
			);
			defaultConfigurationIsVisible = 0;
			defaultConfigurationName = Release;
		};
/* End XCConfigurationList section */
	};
	rootObject = 14B6914D19AB62D600C8B6E0 /* Project object */;
}
